
Microsoft Visual Studio Solution File, Format Version 12.00
# Visual Studio Version 17
VisualStudioVersion = 17.6.33723.286
MinimumVisualStudioVersion = 10.0.40219.1
Project("{8BC9CEB8-8B4A-11D0-8D11-00A0C91BC942}") = "Driver", "Driver\Driver.vcxproj", "{88A299FF-7768-4574-947B-E1E4652AF2CC}"
EndProject
Global
	GlobalSection(SolutionConfigurationPlatforms) = preSolution
		Debug|ARM64 = Debug|ARM64
		Debug|x64 = Debug|x64
		Release|ARM64 = Release|ARM64
		Release|x64 = Release|x64
	EndGlobalSection
	GlobalSection(ProjectConfigurationPlatforms) = postSolution
		{88A299FF-7768-4574-947B-E1E4652AF2CC}.Debug|ARM64.ActiveCfg = Debug|ARM64
		{88A299FF-7768-4574-947B-E1E4652AF2CC}.Debug|ARM64.Build.0 = Debug|ARM64
		{88A299FF-7768-4574-947B-E1E4652AF2CC}.Debug|ARM64.Deploy.0 = Debug|ARM64
		{88A299FF-7768-4574-947B-E1E4652AF2CC}.Debug|x64.ActiveCfg = Debug|x64
		{88A299FF-7768-4574-947B-E1E4652AF2CC}.Debug|x64.Build.0 = Debug|x64
		{88A299FF-7768-4574-947B-E1E4652AF2CC}.Debug|x64.Deploy.0 = Debug|x64
		{88A299FF-7768-4574-947B-E1E4652AF2CC}.Release|ARM64.ActiveCfg = Release|ARM64
		{88A299FF-7768-4574-947B-E1E4652AF2CC}.Release|ARM64.Build.0 = Release|ARM64
		{88A299FF-7768-4574-947B-E1E4652AF2CC}.Release|ARM64.Deploy.0 = Release|ARM64
		{88A299FF-7768-4574-947B-E1E4652AF2CC}.Release|x64.ActiveCfg = Release|x64
		{88A299FF-7768-4574-947B-E1E4652AF2CC}.Release|x64.Build.0 = Release|x64
		{88A299FF-7768-4574-947B-E1E4652AF2CC}.Release|x64.Deploy.0 = Release|x64
	EndGlobalSection
	GlobalSection(SolutionProperties) = preSolution
		HideSolutionNode = FALSE
	EndGlobalSection
	GlobalSection(ExtensibilityGlobals) = postSolution
		SolutionGuid = {FB0AACF6-AC6A-4553-9738-5FD8313BA7CB}
	EndGlobalSection
EndGlobal
